github.com/dlnilsson/hyprland-go v0.0.0-20250715091535-8095a75f142c h1:DIzW4EIF8a0YKMKogBej/J0ohyNaO50PMng0DF3m18Q=
github.com/dlnilsson/hyprland-go v0.0.0-20250715091535-8095a75f142c/go.mod h1:gUGbdxhD7QdvPpdEwsB09x0HzICPkhKAuCeY+LVx5YM=
golang.org/x/sys v0.34.0 h1:H5Y5sJ2L2JRdyv7ROF1he/lPdvFsd0mJHFw2ThKHxLA=
golang.org/x/sys v0.34.0/go.mod h1:BJP2sWEmIv4KK5OTEluFJCKSidICx8ciO85XgH3Ak8k=
