github.com/dlnilsson/hyprland-go v0.0.0-20250805142704-f8acd29fd377 h1:zVk4UzKDL8GpbCtAs2+nL89VPoFn0pI933fO8fdbLU4=
github.com/dlnilsson/hyprland-go v0.0.0-20250805142704-f8acd29fd377/go.mod h1:gUGbdxhD7QdvPpdEwsB09x0HzICPkhKAuCeY+LVx5YM=
golang.org/x/sys v0.34.0 h1:H5Y5sJ2L2JRdyv7ROF1he/lPdvFsd0mJHFw2ThKHxLA=
golang.org/x/sys v0.34.0/go.mod h1:BJP2sWEmIv4KK5OTEluFJCKSidICx8ciO85XgH3Ak8k=
